
Microsoft Visual Studio Solution File, Format Version 12.00
# Visual Studio Version 17
VisualStudioVersion = 17.7.34221.43
MinimumVisualStudioVersion = 10.0.40219.1
Project("{FAE04EC0-301F-11D3-BF4B-00C04F79EFBC}") = "ManagerTasks", "ManagerTasks.csproj", "{551527D3-F3CE-4CB7-906D-6E3F4B76F2F4}"
EndProject
Global
	GlobalSection(SolutionConfigurationPlatforms) = preSolution
		Debug|Any CPU = Debug|Any CPU
		Release|Any CPU = Release|Any CPU
	EndGlobalSection
	GlobalSection(ProjectConfigurationPlatforms) = postSolution
		{551527D3-F3CE-4CB7-906D-6E3F4B76F2F4}.Debug|Any CPU.ActiveCfg = Debug|Any CPU
		{551527D3-F3CE-4CB7-906D-6E3F4B76F2F4}.Debug|Any CPU.Build.0 = Debug|Any CPU
		{551527D3-F3CE-4CB7-906D-6E3F4B76F2F4}.Release|Any CPU.ActiveCfg = Release|Any CPU
		{551527D3-F3CE-4CB7-906D-6E3F4B76F2F4}.Release|Any CPU.Build.0 = Release|Any CPU
	EndGlobalSection
	GlobalSection(SolutionProperties) = preSolution
		HideSolutionNode = FALSE
	EndGlobalSection
	GlobalSection(ExtensibilityGlobals) = postSolution
		SolutionGuid = {CD77B034-696D-4386-B326-E770D95939FB}
	EndGlobalSection
EndGlobal
